{
  "nodes": {
    "nixpkgs": {
      "locked": {
        "lastModified": 1762363567,
        "narHash": "sha256-YRqMDEtSMbitIMj+JLpheSz0pwEr0Rmy5mC7myl17xs=",
        "owner": "NixOS",
        "repo": "nixpkgs",
        "rev": "ae814fd3904b621d8ab97418f1d0f2eb0d3716f4",
        "type": "github"
      },
      "original": {
        "owner": "NixOS",
        "ref": "nixos-unstable",
        "repo": "nixpkgs",
        "type": "github"
      }
    },
    "nixpkgs_2": {
      "locked": {
        "lastModified": 1762363567,
        "narHash": "sha256-YRqMDEtSMbitIMj+JLpheSz0pwEr0Rmy5mC7myl17xs=",
        "owner": "NixOS",
        "repo": "nixpkgs",
        "rev": "ae814fd3904b621d8ab97418f1d0f2eb0d3716f4",
        "type": "github"
      },
      "original": {
        "owner": "NixOS",
        "ref": "nixos-unstable",
        "repo": "nixpkgs",
        "type": "github"
      }
    },
    "root": {
      "inputs": {
        "nixpkgs": "nixpkgs",
        "uno-ls": "uno-ls"
      }
    },
    "uno-ls": {
      "inputs": {
        "nixpkgs": "nixpkgs_2"
      },
      "locked": {
        "lastModified": 1769355694,
        "narHash": "sha256-d8R8PKukL6WRm0+LfAQD5hi4q9liAvR5RhNFFTNPfzk=",
        "owner": "hooreique",
        "repo": "unocss-language-server",
        "rev": "591798aca4b84a8d75489397c1cb6d1d98548079",
        "type": "github"
      },
      "original": {
        "owner": "hooreique",
        "repo": "unocss-language-server",
        "type": "github"
      }
    }
  },
  "root": "root",
  "version": 7
}
